
Microsoft Visual Studio Solution File, Format Version 12.00
# Visual Studio Version 17
VisualStudioVersion = 17.8.34601.278
MinimumVisualStudioVersion = 10.0.40219.1
Project("{FAE04EC0-301F-11D3-BF4B-00C04F79EFBC}") = "DZ_26.02.2024_4", "DZ_26.02.2024_4\DZ_26.02.2024_4.csproj", "{FE6B142F-D4B1-445D-8B0C-87996379943A}"
EndProject
Global
	GlobalSection(SolutionConfigurationPlatforms) = preSolution
		Debug|Any CPU = Debug|Any CPU
		Release|Any CPU = Release|Any CPU
	EndGlobalSection
	GlobalSection(ProjectConfigurationPlatforms) = postSolution
		{FE6B142F-D4B1-445D-8B0C-87996379943A}.Debug|Any CPU.ActiveCfg = Debug|Any CPU
		{FE6B142F-D4B1-445D-8B0C-87996379943A}.Debug|Any CPU.Build.0 = Debug|Any CPU
		{FE6B142F-D4B1-445D-8B0C-87996379943A}.Release|Any CPU.ActiveCfg = Release|Any CPU
		{FE6B142F-D4B1-445D-8B0C-87996379943A}.Release|Any CPU.Build.0 = Release|Any CPU
	EndGlobalSection
	GlobalSection(SolutionProperties) = preSolution
		HideSolutionNode = FALSE
	EndGlobalSection
	GlobalSection(ExtensibilityGlobals) = postSolution
		SolutionGuid = {4B1C31CD-DC29-45E4-B756-BCFB2C2DF3F6}
	EndGlobalSection
EndGlobal
